// !$*UTF8*$!
{
	archiveVersion = 1;
	classes = {
	};
	objectVersion = 46;
	objects = {

/* Begin PBXBuildFile section */
		142AF8751E9C18D5008A48F5 /* OverViewController.swift in Sources */ = {isa = PBXBuildFile; fileRef = 142AF8741E9C18D5008A48F5 /* OverViewController.swift */; };
		142AF8771E9C3576008A48F5 /* DataService.swift in Sources */ = {isa = PBXBuildFile; fileRef = 142AF8761E9C3576008A48F5 /* DataService.swift */; };
		142AF8791E9C37A6008A48F5 /* ParentService.swift in Sources */ = {isa = PBXBuildFile; fileRef = 142AF8781E9C37A6008A48F5 /* ParentService.swift */; };
		1434E0301E9D1CD000FB397B /* DetailViewController.swift in Sources */ = {isa = PBXBuildFile; fileRef = 1434E02F1E9D1CD000FB397B /* DetailViewController.swift */; };
		1434E0331E9D482800FB397B /* ImageHelper.swift in Sources */ = {isa = PBXBuildFile; fileRef = 1434E0321E9D482800FB397B /* ImageHelper.swift */; };
		1453092E1E99AF550024521F /* AppDelegate.swift in Sources */ = {isa = PBXBuildFile; fileRef = 1453092D1E99AF550024521F /* AppDelegate.swift */; };
		145309301E99AF550024521F /* ViewController.swift in Sources */ = {isa = PBXBuildFile; fileRef = 1453092F1E99AF550024521F /* ViewController.swift */; };
		145309331E99AF550024521F /* Main.storyboard in Resources */ = {isa = PBXBuildFile; fileRef = 145309311E99AF550024521F /* Main.storyboard */; };
		145309351E99AF550024521F /* Assets.xcassets in Resources */ = {isa = PBXBuildFile; fileRef = 145309341E99AF550024521F /* Assets.xcassets */; };
		145309381E99AF550024521F /* LaunchScreen.storyboard in Resources */ = {isa = PBXBuildFile; fileRef = 145309361E99AF550024521F /* LaunchScreen.storyboard */; };
		145E18901E9A8E14009460F2 /* LoginViewController.swift in Sources */ = {isa = PBXBuildFile; fileRef = 145E188F1E9A8E14009460F2 /* LoginViewController.swift */; };
		145E18931E9AADAB009460F2 /* AuthService.swift in Sources */ = {isa = PBXBuildFile; fileRef = 145E18921E9AADAB009460F2 /* AuthService.swift */; };
		145E18951E9AE111009460F2 /* RegisterViewController.swift in Sources */ = {isa = PBXBuildFile; fileRef = 145E18941E9AE111009460F2 /* RegisterViewController.swift */; };
		145E189A1E9AEBF3009460F2 /* ApiManager.swift in Sources */ = {isa = PBXBuildFile; fileRef = 145E18991E9AEBF3009460F2 /* ApiManager.swift */; };
		145E189D1E9AF0AD009460F2 /* User.swift in Sources */ = {isa = PBXBuildFile; fileRef = 145E189C1E9AF0AD009460F2 /* User.swift */; };
		14E703C01E9B07FB00823A48 /* Response.swift in Sources */ = {isa = PBXBuildFile; fileRef = 14E703BF1E9B07FB00823A48 /* Response.swift */; };
		5D068854BB68485285D59460 /* Pods_BirdTracker.framework in Frameworks */ = {isa = PBXBuildFile; fileRef = B1E5FD1B7911C108C12A15B1 /* Pods_BirdTracker.framework */; };
/* End PBXBuildFile section */

/* Begin PBXFileReference section */
		142AF8741E9C18D5008A48F5 /* OverViewController.swift */ = {isa = PBXFileReference; fileEncoding = 4; lastKnownFileType = sourcecode.swift; path = OverViewController.swift; sourceTree = "<group>"; };
		142AF8761E9C3576008A48F5 /* DataService.swift */ = {isa = PBXFileReference; fileEncoding = 4; lastKnownFileType = sourcecode.swift; path = DataService.swift; sourceTree = "<group>"; };
		142AF8781E9C37A6008A48F5 /* ParentService.swift */ = {isa = PBXFileReference; fileEncoding = 4; lastKnownFileType = sourcecode.swift; path = ParentService.swift; sourceTree = "<group>"; };
		1434E02F1E9D1CD000FB397B /* DetailViewController.swift */ = {isa = PBXFileReference; fileEncoding = 4; lastKnownFileType = sourcecode.swift; path = DetailViewController.swift; sourceTree = "<group>"; };
		1434E0321E9D482800FB397B /* ImageHelper.swift */ = {isa = PBXFileReference; fileEncoding = 4; lastKnownFileType = sourcecode.swift; path = ImageHelper.swift; sourceTree = "<group>"; };
		1453092A1E99AF550024521F /* BirdTracker.app */ = {isa = PBXFileReference; explicitFileType = wrapper.application; includeInIndex = 0; path = BirdTracker.app; sourceTree = BUILT_PRODUCTS_DIR; };
		1453092D1E99AF550024521F /* AppDelegate.swift */ = {isa = PBXFileReference; lastKnownFileType = sourcecode.swift; path = AppDelegate.swift; sourceTree = "<group>"; };
		1453092F1E99AF550024521F /* ViewController.swift */ = {isa = PBXFileReference; lastKnownFileType = sourcecode.swift; path = ViewController.swift; sourceTree = "<group>"; };
		145309321E99AF550024521F /* Base */ = {isa = PBXFileReference; lastKnownFileType = file.storyboard; name = Base; path = Base.lproj/Main.storyboard; sourceTree = "<group>"; };
		145309341E99AF550024521F /* Assets.xcassets */ = {isa = PBXFileReference; lastKnownFileType = folder.assetcatalog; path = Assets.xcassets; sourceTree = "<group>"; };
		145309371E99AF550024521F /* Base */ = {isa = PBXFileReference; lastKnownFileType = file.storyboard; name = Base; path = Base.lproj/LaunchScreen.storyboard; sourceTree = "<group>"; };
		145309391E99AF550024521F /* Info.plist */ = {isa = PBXFileReference; lastKnownFileType = text.plist.xml; path = Info.plist; sourceTree = "<group>"; };
		145E188F1E9A8E14009460F2 /* LoginViewController.swift */ = {isa = PBXFileReference; fileEncoding = 4; lastKnownFileType = sourcecode.swift; path = LoginViewController.swift; sourceTree = "<group>"; };
		145E18921E9AADAB009460F2 /* AuthService.swift */ = {isa = PBXFileReference; fileEncoding = 4; lastKnownFileType = sourcecode.swift; path = AuthService.swift; sourceTree = "<group>"; };
		145E18941E9AE111009460F2 /* RegisterViewController.swift */ = {isa = PBXFileReference; fileEncoding = 4; lastKnownFileType = sourcecode.swift; path = RegisterViewController.swift; sourceTree = "<group>"; };
		145E18991E9AEBF3009460F2 /* ApiManager.swift */ = {isa = PBXFileReference; fileEncoding = 4; lastKnownFileType = sourcecode.swift; path = ApiManager.swift; sourceTree = "<group>"; };
		145E189C1E9AF0AD009460F2 /* User.swift */ = {isa = PBXFileReference; fileEncoding = 4; lastKnownFileType = sourcecode.swift; path = User.swift; sourceTree = "<group>"; };
		14E703BF1E9B07FB00823A48 /* Response.swift */ = {isa = PBXFileReference; fileEncoding = 4; lastKnownFileType = sourcecode.swift; path = Response.swift; sourceTree = "<group>"; };
		381F685588D1FA36FFA33F78 /* Pods-BirdTracker.debug.xcconfig */ = {isa = PBXFileReference; includeInIndex = 1; lastKnownFileType = text.xcconfig; name = "Pods-BirdTracker.debug.xcconfig"; path = "Pods/Target Support Files/Pods-BirdTracker/Pods-BirdTracker.debug.xcconfig"; sourceTree = "<group>"; };
		3A958D0D1C522A465E66A2EF /* Pods-BirdTracker.release.xcconfig */ = {isa = PBXFileReference; includeInIndex = 1; lastKnownFileType = text.xcconfig; name = "Pods-BirdTracker.release.xcconfig"; path = "Pods/Target Support Files/Pods-BirdTracker/Pods-BirdTracker.release.xcconfig"; sourceTree = "<group>"; };
		B1E5FD1B7911C108C12A15B1 /* Pods_BirdTracker.framework */ = {isa = PBXFileReference; explicitFileType = wrapper.framework; includeInIndex = 0; path = Pods_BirdTracker.framework; sourceTree = BUILT_PRODUCTS_DIR; };
/* End PBXFileReference section */

/* Begin PBXFrameworksBuildPhase section */
		145309271E99AF550024521F /* Frameworks */ = {
			isa = PBXFrameworksBuildPhase;
			buildActionMask = 2147483647;
			files = (
				5D068854BB68485285D59460 /* Pods_BirdTracker.framework in Frameworks */,
			);
			runOnlyForDeploymentPostprocessing = 0;
		};
/* End PBXFrameworksBuildPhase section */

/* Begin PBXGroup section */
		1434E0311E9D480C00FB397B /* Extensions */ = {
			isa = PBXGroup;
			children = (
				1434E0321E9D482800FB397B /* ImageHelper.swift */,
			);
			name = Extensions;
			sourceTree = "<group>";
		};
		145309211E99AF550024521F = {
			isa = PBXGroup;
			children = (
				1453092C1E99AF550024521F /* BirdTracker */,
				1453092B1E99AF550024521F /* Products */,
				97E6E08248F9859FFD93258D /* Pods */,
				F31148BD685F0EC50C5FFC73 /* Frameworks */,
			);
			sourceTree = "<group>";
		};
		1453092B1E99AF550024521F /* Products */ = {
			isa = PBXGroup;
			children = (
				1453092A1E99AF550024521F /* BirdTracker.app */,
			);
			name = Products;
			sourceTree = "<group>";
		};
		1453092C1E99AF550024521F /* BirdTracker */ = {
			isa = PBXGroup;
			children = (
				1434E0311E9D480C00FB397B /* Extensions */,
				145E189B1E9AF05B009460F2 /* Models */,
				145E18961E9AEB34009460F2 /* API */,
				145E18911E9AAD82009460F2 /* Services */,
				1453092D1E99AF550024521F /* AppDelegate.swift */,
				1453092F1E99AF550024521F /* ViewController.swift */,
				145E188F1E9A8E14009460F2 /* LoginViewController.swift */,
				142AF8741E9C18D5008A48F5 /* OverViewController.swift */,
				145E18941E9AE111009460F2 /* RegisterViewController.swift */,
				145309311E99AF550024521F /* Main.storyboard */,
				1434E02F1E9D1CD000FB397B /* DetailViewController.swift */,
				145309341E99AF550024521F /* Assets.xcassets */,
				145309361E99AF550024521F /* LaunchScreen.storyboard */,
				145309391E99AF550024521F /* Info.plist */,
			);
			path = BirdTracker;
			sourceTree = "<group>";
		};
		145E18911E9AAD82009460F2 /* Services */ = {
			isa = PBXGroup;
			children = (
				145E18921E9AADAB009460F2 /* AuthService.swift */,
				142AF8761E9C3576008A48F5 /* DataService.swift */,
				142AF8781E9C37A6008A48F5 /* ParentService.swift */,
			);
			name = Services;
			sourceTree = "<group>";
		};
		145E18961E9AEB34009460F2 /* API */ = {
			isa = PBXGroup;
			children = (
				145E18991E9AEBF3009460F2 /* ApiManager.swift */,
			);
			name = API;
			sourceTree = "<group>";
		};
		145E189B1E9AF05B009460F2 /* Models */ = {
			isa = PBXGroup;
			children = (
				145E189C1E9AF0AD009460F2 /* User.swift */,
				14E703BF1E9B07FB00823A48 /* Response.swift */,
			);
			name = Models;
			sourceTree = "<group>";
		};
		97E6E08248F9859FFD93258D /* Pods */ = {
			isa = PBXGroup;
			children = (
				381F685588D1FA36FFA33F78 /* Pods-BirdTracker.debug.xcconfig */,
				3A958D0D1C522A465E66A2EF /* Pods-BirdTracker.release.xcconfig */,
			);
			name = Pods;
			sourceTree = "<group>";
		};
		F31148BD685F0EC50C5FFC73 /* Frameworks */ = {
			isa = PBXGroup;
			children = (
				B1E5FD1B7911C108C12A15B1 /* Pods_BirdTracker.framework */,
			);
			name = Frameworks;
			sourceTree = "<group>";
		};
/* End PBXGroup section */

/* Begin PBXNativeTarget section */
		145309291E99AF550024521F /* BirdTracker */ = {
			isa = PBXNativeTarget;
			buildConfigurationList = 1453093C1E99AF550024521F /* Build configuration list for PBXNativeTarget "BirdTracker" */;
			buildPhases = (
				375DB6C95E9A2CC3179B2C5C /* [CP] Check Pods Manifest.lock */,
				145309261E99AF550024521F /* Sources */,
				145309271E99AF550024521F /* Frameworks */,
				145309281E99AF550024521F /* Resources */,
				24E0E1FEDBEECD8B9F493C60 /* [CP] Embed Pods Frameworks */,
				F896D8796DF129BD4B7E5261 /* [CP] Copy Pods Resources */,
			);
			buildRules = (
			);
			dependencies = (
			);
			name = BirdTracker;
			productName = BirdTracker;
			productReference = 1453092A1E99AF550024521F /* BirdTracker.app */;
			productType = "com.apple.product-type.application";
		};
/* End PBXNativeTarget section */

/* Begin PBXProject section */
		145309221E99AF550024521F /* Project object */ = {
			isa = PBXProject;
			attributes = {
				LastSwiftUpdateCheck = 0830;
				LastUpgradeCheck = 0830;
				ORGANIZATIONNAME = Witwit;
				TargetAttributes = {
					145309291E99AF550024521F = {
						CreatedOnToolsVersion = 8.3.1;
						ProvisioningStyle = Automatic;
					};
				};
			};
			buildConfigurationList = 145309251E99AF550024521F /* Build configuration list for PBXProject "BirdTracker" */;
			compatibilityVersion = "Xcode 3.2";
			developmentRegion = English;
			hasScannedForEncodings = 0;
			knownRegions = (
				en,
				Base,
			);
			mainGroup = 145309211E99AF550024521F;
			productRefGroup = 1453092B1E99AF550024521F /* Products */;
			projectDirPath = "";
			projectRoot = "";
			targets = (
				145309291E99AF550024521F /* BirdTracker */,
			);
		};
/* End PBXProject section */

/* Begin PBXResourcesBuildPhase section */
		145309281E99AF550024521F /* Resources */ = {
			isa = PBXResourcesBuildPhase;
			buildActionMask = 2147483647;
			files = (
				145309381E99AF550024521F /* LaunchScreen.storyboard in Resources */,
				145309351E99AF550024521F /* Assets.xcassets in Resources */,
				145309331E99AF550024521F /* Main.storyboard in Resources */,
			);
			runOnlyForDeploymentPostprocessing = 0;
		};
/* End PBXResourcesBuildPhase section */

/* Begin PBXShellScriptBuildPhase section */
		24E0E1FEDBEECD8B9F493C60 /* [CP] Embed Pods Frameworks */ = {
			isa = PBXShellScriptBuildPhase;
			buildActionMask = 2147483647;
			files = (
			);
			inputPaths = (
			);
			name = "[CP] Embed Pods Frameworks";
			outputPaths = (
			);
			runOnlyForDeploymentPostprocessing = 0;
			shellPath = /bin/sh;
			shellScript = "\"${SRCROOT}/Pods/Target Support Files/Pods-BirdTracker/Pods-BirdTracker-frameworks.sh\"\n";
			showEnvVarsInLog = 0;
		};
		375DB6C95E9A2CC3179B2C5C /* [CP] Check Pods Manifest.lock */ = {
			isa = PBXShellScriptBuildPhase;
			buildActionMask = 2147483647;
			files = (
			);
			inputPaths = (
			);
			name = "[CP] Check Pods Manifest.lock";
			outputPaths = (
			);
			runOnlyForDeploymentPostprocessing = 0;
			shellPath = /bin/sh;
			shellScript = "diff \"${PODS_ROOT}/../Podfile.lock\" \"${PODS_ROOT}/Manifest.lock\" > /dev/null\nif [ $? != 0 ] ; then\n    # print error to STDERR\n    echo \"error: The sandbox is not in sync with the Podfile.lock. Run 'pod install' or update your CocoaPods installation.\" >&2\n    exit 1\nfi\n";
			showEnvVarsInLog = 0;
		};
		F896D8796DF129BD4B7E5261 /* [CP] Copy Pods Resources */ = {
			isa = PBXShellScriptBuildPhase;
			buildActionMask = 2147483647;
			files = (
			);
			inputPaths = (
			);
			name = "[CP] Copy Pods Resources";
			outputPaths = (
			);
			runOnlyForDeploymentPostprocessing = 0;
			shellPath = /bin/sh;
			shellScript = "\"${SRCROOT}/Pods/Target Support Files/Pods-BirdTracker/Pods-BirdTracker-resources.sh\"\n";
			showEnvVarsInLog = 0;
		};
/* End PBXShellScriptBuildPhase section */

/* Begin PBXSourcesBuildPhase section */
		145309261E99AF550024521F /* Sources */ = {
			isa = PBXSourcesBuildPhase;
			buildActionMask = 2147483647;
			files = (
				142AF8751E9C18D5008A48F5 /* OverViewController.swift in Sources */,
				142AF8791E9C37A6008A48F5 /* ParentService.swift in Sources */,
				14E703C01E9B07FB00823A48 /* Response.swift in Sources */,
				1434E0301E9D1CD000FB397B /* DetailViewController.swift in Sources */,
				145E18901E9A8E14009460F2 /* LoginViewController.swift in Sources */,
				145E18951E9AE111009460F2 /* RegisterViewController.swift in Sources */,
				145309301E99AF550024521F /* ViewController.swift in Sources */,
				1453092E1E99AF550024521F /* AppDelegate.swift in Sources */,
				1434E0331E9D482800FB397B /* ImageHelper.swift in Sources */,
				145E189A1E9AEBF3009460F2 /* ApiManager.swift in Sources */,
				145E18931E9AADAB009460F2 /* AuthService.swift in Sources */,
				145E189D1E9AF0AD009460F2 /* User.swift in Sources */,
				142AF8771E9C3576008A48F5 /* DataService.swift in Sources */,
			);
			runOnlyForDeploymentPostprocessing = 0;
		};
/* End PBXSourcesBuildPhase section */

/* Begin PBXVariantGroup section */
		145309311E99AF550024521F /* Main.storyboard */ = {
			isa = PBXVariantGroup;
			children = (
				145309321E99AF550024521F /* Base */,
			);
			name = Main.storyboard;
			sourceTree = "<group>";
		};
		145309361E99AF550024521F /* LaunchScreen.storyboard */ = {
			isa = PBXVariantGroup;
			children = (
				145309371E99AF550024521F /* Base */,
			);
			name = LaunchScreen.storyboard;
			sourceTree = "<group>";
		};
/* End PBXVariantGroup section */

/* Begin XCBuildConfiguration section */
		1453093A1E99AF550024521F /* Debug */ = {
			isa = XCBuildConfiguration;
			buildSettings = {
				ALWAYS_SEARCH_USER_PATHS = NO;
				CLANG_ANALYZER_NONNULL = YES;
				CLANG_ANALYZER_NUMBER_OBJECT_CONVERSION = YES_AGGRESSIVE;
				CLANG_CXX_LANGUAGE_STANDARD = "gnu++0x";
				CLANG_CXX_LIBRARY = "libc++";
				CLANG_ENABLE_MODULES = YES;
				CLANG_ENABLE_OBJC_ARC = YES;
				CLANG_WARN_BOOL_CONVERSION = YES;
				CLANG_WARN_CONSTANT_CONVERSION = YES;
				CLANG_WARN_DIRECT_OBJC_ISA_USAGE = YES_ERROR;
				CLANG_WARN_DOCUMENTATION_COMMENTS = YES;
				CLANG_WARN_EMPTY_BODY = YES;
				CLANG_WARN_ENUM_CONVERSION = YES;
				CLANG_WARN_INFINITE_RECURSION = YES;
				CLANG_WARN_INT_CONVERSION = YES;
				CLANG_WARN_OBJC_ROOT_CLASS = YES_ERROR;
				CLANG_WARN_SUSPICIOUS_MOVE = YES;
				CLANG_WARN_UNREACHABLE_CODE = YES;
				CLANG_WARN__DUPLICATE_METHOD_MATCH = YES;
				"CODE_SIGN_IDENTITY[sdk=iphoneos*]" = "iPhone Developer";
				COPY_PHASE_STRIP = NO;
				DEBUG_INFORMATION_FORMAT = dwarf;
				ENABLE_STRICT_OBJC_MSGSEND = YES;
				ENABLE_TESTABILITY = YES;
				GCC_C_LANGUAGE_STANDARD = gnu99;
				GCC_DYNAMIC_NO_PIC = NO;
				GCC_NO_COMMON_BLOCKS = YES;
				GCC_OPTIMIZATION_LEVEL = 0;
				GCC_PREPROCESSOR_DEFINITIONS = (
					"DEBUG=1",
					"$(inherited)",
				);
				GCC_WARN_64_TO_32_BIT_CONVERSION = YES;
				GCC_WARN_ABOUT_RETURN_TYPE = YES_ERROR;
				GCC_WARN_UNDECLARED_SELECTOR = YES;
				GCC_WARN_UNINITIALIZED_AUTOS = YES_AGGRESSIVE;
				GCC_WARN_UNUSED_FUNCTION = YES;
				GCC_WARN_UNUSED_VARIABLE = YES;
				IPHONEOS_DEPLOYMENT_TARGET = 10.3;
				MTL_ENABLE_DEBUG_INFO = YES;
				ONLY_ACTIVE_ARCH = YES;
				SDKROOT = iphoneos;
				SWIFT_ACTIVE_COMPILATION_CONDITIONS = DEBUG;
				SWIFT_OPTIMIZATION_LEVEL = "-Onone";
				TARGETED_DEVICE_FAMILY = "1,2";
			};
			name = Debug;
		};
		1453093B1E99AF550024521F /* Release */ = {
			isa = XCBuildConfiguration;
			buildSettings = {
				ALWAYS_SEARCH_USER_PATHS = NO;
				CLANG_ANALYZER_NONNULL = YES;
				CLANG_ANALYZER_NUMBER_OBJECT_CONVERSION = YES_AGGRESSIVE;
				CLANG_CXX_LANGUAGE_STANDARD = "gnu++0x";
				CLANG_CXX_LIBRARY = "libc++";
				CLANG_ENABLE_MODULES = YES;
				CLANG_ENABLE_OBJC_ARC = YES;
				CLANG_WARN_BOOL_CONVERSION = YES;
				CLANG_WARN_CONSTANT_CONVERSION = YES;
				CLANG_WARN_DIRECT_OBJC_ISA_USAGE = YES_ERROR;
				CLANG_WARN_DOCUMENTATION_COMMENTS = YES;
				CLANG_WARN_EMPTY_BODY = YES;
				CLANG_WARN_ENUM_CONVERSION = YES;
				CLANG_WARN_INFINITE_RECURSION = YES;
				CLANG_WARN_INT_CONVERSION = YES;
				CLANG_WARN_OBJC_ROOT_CLASS = YES_ERROR;
				CLANG_WARN_SUSPICIOUS_MOVE = YES;
				CLANG_WARN_UNREACHABLE_CODE = YES;
				CLANG_WARN__DUPLICATE_METHOD_MATCH = YES;
				"CODE_SIGN_IDENTITY[sdk=iphoneos*]" = "iPhone Developer";
				COPY_PHASE_STRIP = NO;
				DEBUG_INFORMATION_FORMAT = "dwarf-with-dsym";
				ENABLE_NS_ASSERTIONS = NO;
				ENABLE_STRICT_OBJC_MSGSEND = YES;
				GCC_C_LANGUAGE_STANDARD = gnu99;
				GCC_NO_COMMON_BLOCKS = YES;
				GCC_WARN_64_TO_32_BIT_CONVERSION = YES;
				GCC_WARN_ABOUT_RETURN_TYPE = YES_ERROR;
				GCC_WARN_UNDECLARED_SELECTOR = YES;
				GCC_WARN_UNINITIALIZED_AUTOS = YES_AGGRESSIVE;
				GCC_WARN_UNUSED_FUNCTION = YES;
				GCC_WARN_UNUSED_VARIABLE = YES;
				IPHONEOS_DEPLOYMENT_TARGET = 10.3;
				MTL_ENABLE_DEBUG_INFO = NO;
				SDKROOT = iphoneos;
				SWIFT_OPTIMIZATION_LEVEL = "-Owholemodule";
				TARGETED_DEVICE_FAMILY = "1,2";
				VALIDATE_PRODUCT = YES;
			};
			name = Release;
		};
		1453093D1E99AF550024521F /* Debug */ = {
			isa = XCBuildConfiguration;
			baseConfigurationReference = 381F685588D1FA36FFA33F78 /* Pods-BirdTracker.debug.xcconfig */;
			buildSettings = {
				ASSETCATALOG_COMPILER_APPICON_NAME = AppIcon;
				INFOPLIST_FILE = BirdTracker/Info.plist;
				LD_RUNPATH_SEARCH_PATHS = "$(inherited) @executable_path/Frameworks";
				PRODUCT_BUNDLE_IDENTIFIER = com.witwit.BirdTracker;
				PRODUCT_NAME = "$(TARGET_NAME)";
				SWIFT_VERSION = 3.0;
			};
			name = Debug;
		};
		1453093E1E99AF550024521F /* Release */ = {
			isa = XCBuildConfiguration;
			baseConfigurationReference = 3A958D0D1C522A465E66A2EF /* Pods-BirdTracker.release.xcconfig */;
			buildSettings = {
				ASSETCATALOG_COMPILER_APPICON_NAME = AppIcon;
				INFOPLIST_FILE = BirdTracker/Info.plist;
				LD_RUNPATH_SEARCH_PATHS = "$(inherited) @executable_path/Frameworks";
				PRODUCT_BUNDLE_IDENTIFIER = com.witwit.BirdTracker;
				PRODUCT_NAME = "$(TARGET_NAME)";
				SWIFT_VERSION = 3.0;
			};
			name = Release;
		};
/* End XCBuildConfiguration section */

/* Begin XCConfigurationList section */
		145309251E99AF550024521F /* Build configuration list for PBXProject "BirdTracker" */ = {
			isa = XCConfigurationList;
			buildConfigurations = (
				1453093A1E99AF550024521F /* Debug */,
				1453093B1E99AF550024521F /* Release */,
			);
			defaultConfigurationIsVisible = 0;
			defaultConfigurationName = Release;
		};
		1453093C1E99AF550024521F /* Build configuration list for PBXNativeTarget "BirdTracker" */ = {
			isa = XCConfigurationList;
			buildConfigurations = (
				1453093D1E99AF550024521F /* Debug */,
				1453093E1E99AF550024521F /* Release */,
			);
			defaultConfigurationIsVisible = 0;
			defaultConfigurationName = Release;
		};
/* End XCConfigurationList section */
	};
	rootObject = 145309221E99AF550024521F /* Project object */;
}
